// !$*UTF8*$!
{
	archiveVersion = 1;
	classes = {
	};
	objectVersion = 51;
	objects = {

/* Begin PBXBuildFile section */
		041FD35C2562BADF00CA1117 /* DataManager.swift in Sources */ = {isa = PBXBuildFile; fileRef = 041FD35B2562BADF00CA1117 /* DataManager.swift */; };
		0491E8AA2567C55A00CD054C /* agconnect-services.plist in Resources */ = {isa = PBXBuildFile; fileRef = 0491E8A92567C55A00CD054C /* agconnect-services.plist */; };
		049AC1EB2563F5CE00C3EBB6 /* CartCollectionViewCell.swift in Sources */ = {isa = PBXBuildFile; fileRef = 049AC1EA2563F5CE00C3EBB6 /* CartCollectionViewCell.swift */; };
		04AE6940256274AE00CDD5DB /* AppDelegate.swift in Sources */ = {isa = PBXBuildFile; fileRef = 04AE693F256274AE00CDD5DB /* AppDelegate.swift */; };
		04AE6942256274AE00CDD5DB /* SceneDelegate.swift in Sources */ = {isa = PBXBuildFile; fileRef = 04AE6941256274AE00CDD5DB /* SceneDelegate.swift */; };
		04AE6947256274AE00CDD5DB /* Main.storyboard in Resources */ = {isa = PBXBuildFile; fileRef = 04AE6945256274AE00CDD5DB /* Main.storyboard */; };
		04AE6949256274B000CDD5DB /* Assets.xcassets in Resources */ = {isa = PBXBuildFile; fileRef = 04AE6948256274B000CDD5DB /* Assets.xcassets */; };
		04AE694C256274B000CDD5DB /* LaunchScreen.storyboard in Resources */ = {isa = PBXBuildFile; fileRef = 04AE694A256274B000CDD5DB /* LaunchScreen.storyboard */; };
		04AE696325627B8A00CDD5DB /* Constants.swift in Sources */ = {isa = PBXBuildFile; fileRef = 04AE696225627B8A00CDD5DB /* Constants.swift */; };
		04AE696625627C3600CDD5DB /* BaseViewController.swift in Sources */ = {isa = PBXBuildFile; fileRef = 04AE696525627C3600CDD5DB /* BaseViewController.swift */; };
		04AE696F25627D5C00CDD5DB /* HomeViewController.swift in Sources */ = {isa = PBXBuildFile; fileRef = 04AE696E25627D5C00CDD5DB /* HomeViewController.swift */; };
		04AE697225627D6300CDD5DB /* CartViewController.swift in Sources */ = {isa = PBXBuildFile; fileRef = 04AE697125627D6300CDD5DB /* CartViewController.swift */; };
		04AE697825629B3A00CDD5DB /* GroceryItem.swift in Sources */ = {isa = PBXBuildFile; fileRef = 04AE697725629B3A00CDD5DB /* GroceryItem.swift */; };
		04AE698225629C8600CDD5DB /* HomeCollectionViewCell.swift in Sources */ = {isa = PBXBuildFile; fileRef = 04AE698125629C8600CDD5DB /* HomeCollectionViewCell.swift */; };
		04AE69862562A0E500CDD5DB /* UIViewExtension.swift in Sources */ = {isa = PBXBuildFile; fileRef = 04AE69852562A0E500CDD5DB /* UIViewExtension.swift */; };
		04CA8D4D2565466500F352C1 /* ProductDetailViewController.swift in Sources */ = {isa = PBXBuildFile; fileRef = 04CA8D4C2565466500F352C1 /* ProductDetailViewController.swift */; };
		04CCF1E32566944700A709B8 /* PaymentResultViewController.swift in Sources */ = {isa = PBXBuildFile; fileRef = 04CCF1E22566944700A709B8 /* PaymentResultViewController.swift */; };
		1F1EE9849535B164D4200DB5 /* Pods_Grocery.framework in Frameworks */ = {isa = PBXBuildFile; fileRef = A7AF7C95CD864900BD69276B /* Pods_Grocery.framework */; };
/* End PBXBuildFile section */

/* Begin PBXFileReference section */
		041FD35B2562BADF00CA1117 /* DataManager.swift */ = {isa = PBXFileReference; lastKnownFileType = sourcecode.swift; path = DataManager.swift; sourceTree = "<group>"; };
		0491E8A92567C55A00CD054C /* agconnect-services.plist */ = {isa = PBXFileReference; fileEncoding = 4; lastKnownFileType = text.plist.xml; path = "agconnect-services.plist"; sourceTree = "<group>"; };
		049AC1EA2563F5CE00C3EBB6 /* CartCollectionViewCell.swift */ = {isa = PBXFileReference; lastKnownFileType = sourcecode.swift; path = CartCollectionViewCell.swift; sourceTree = "<group>"; };
		04AE693C256274AE00CDD5DB /* Grocery.app */ = {isa = PBXFileReference; explicitFileType = wrapper.application; includeInIndex = 0; path = Grocery.app; sourceTree = BUILT_PRODUCTS_DIR; };
		04AE693F256274AE00CDD5DB /* AppDelegate.swift */ = {isa = PBXFileReference; lastKnownFileType = sourcecode.swift; path = AppDelegate.swift; sourceTree = "<group>"; };
		04AE6941256274AE00CDD5DB /* SceneDelegate.swift */ = {isa = PBXFileReference; lastKnownFileType = sourcecode.swift; path = SceneDelegate.swift; sourceTree = "<group>"; };
		04AE6946256274AE00CDD5DB /* Base */ = {isa = PBXFileReference; lastKnownFileType = file.storyboard; name = Base; path = Base.lproj/Main.storyboard; sourceTree = "<group>"; };
		04AE6948256274B000CDD5DB /* Assets.xcassets */ = {isa = PBXFileReference; lastKnownFileType = folder.assetcatalog; path = Assets.xcassets; sourceTree = "<group>"; };
		04AE694B256274B000CDD5DB /* Base */ = {isa = PBXFileReference; lastKnownFileType = file.storyboard; name = Base; path = Base.lproj/LaunchScreen.storyboard; sourceTree = "<group>"; };
		04AE694D256274B000CDD5DB /* Info.plist */ = {isa = PBXFileReference; lastKnownFileType = text.plist.xml; path = Info.plist; sourceTree = "<group>"; };
		04AE696225627B8A00CDD5DB /* Constants.swift */ = {isa = PBXFileReference; lastKnownFileType = sourcecode.swift; path = Constants.swift; sourceTree = "<group>"; };
		04AE696525627C3600CDD5DB /* BaseViewController.swift */ = {isa = PBXFileReference; lastKnownFileType = sourcecode.swift; path = BaseViewController.swift; sourceTree = "<group>"; };
		04AE696E25627D5C00CDD5DB /* HomeViewController.swift */ = {isa = PBXFileReference; lastKnownFileType = sourcecode.swift; path = HomeViewController.swift; sourceTree = "<group>"; };
		04AE697125627D6300CDD5DB /* CartViewController.swift */ = {isa = PBXFileReference; lastKnownFileType = sourcecode.swift; path = CartViewController.swift; sourceTree = "<group>"; };
		04AE697725629B3A00CDD5DB /* GroceryItem.swift */ = {isa = PBXFileReference; lastKnownFileType = sourcecode.swift; path = GroceryItem.swift; sourceTree = "<group>"; };
		04AE698125629C8600CDD5DB /* HomeCollectionViewCell.swift */ = {isa = PBXFileReference; lastKnownFileType = sourcecode.swift; path = HomeCollectionViewCell.swift; sourceTree = "<group>"; };
		04AE69852562A0E500CDD5DB /* UIViewExtension.swift */ = {isa = PBXFileReference; lastKnownFileType = sourcecode.swift; path = UIViewExtension.swift; sourceTree = "<group>"; };
		04CA8D4C2565466500F352C1 /* ProductDetailViewController.swift */ = {isa = PBXFileReference; lastKnownFileType = sourcecode.swift; path = ProductDetailViewController.swift; sourceTree = "<group>"; };
		04CCF1E22566944700A709B8 /* PaymentResultViewController.swift */ = {isa = PBXFileReference; lastKnownFileType = sourcecode.swift; path = PaymentResultViewController.swift; sourceTree = "<group>"; };
		7BCFB118398FD2E47AA83316 /* Pods-Grocery.release.xcconfig */ = {isa = PBXFileReference; includeInIndex = 1; lastKnownFileType = text.xcconfig; name = "Pods-Grocery.release.xcconfig"; path = "Target Support Files/Pods-Grocery/Pods-Grocery.release.xcconfig"; sourceTree = "<group>"; };
		A7AF7C95CD864900BD69276B /* Pods_Grocery.framework */ = {isa = PBXFileReference; explicitFileType = wrapper.framework; includeInIndex = 0; path = Pods_Grocery.framework; sourceTree = BUILT_PRODUCTS_DIR; };
		E9F04184F4690A27AC6B714D /* Pods-Grocery.debug.xcconfig */ = {isa = PBXFileReference; includeInIndex = 1; lastKnownFileType = text.xcconfig; name = "Pods-Grocery.debug.xcconfig"; path = "Target Support Files/Pods-Grocery/Pods-Grocery.debug.xcconfig"; sourceTree = "<group>"; };
/* End PBXFileReference section */

/* Begin PBXFrameworksBuildPhase section */
		04AE6939256274AE00CDD5DB /* Frameworks */ = {
			isa = PBXFrameworksBuildPhase;
			buildActionMask = 2147483647;
			files = (
				1F1EE9849535B164D4200DB5 /* Pods_Grocery.framework in Frameworks */,
			);
			runOnlyForDeploymentPostprocessing = 0;
		};
/* End PBXFrameworksBuildPhase section */

/* Begin PBXGroup section */
		041FD35A2562BACC00CA1117 /* Managers */ = {
			isa = PBXGroup;
			children = (
				041FD35B2562BADF00CA1117 /* DataManager.swift */,
			);
			path = Managers;
			sourceTree = "<group>";
		};
		04AE6933256274AE00CDD5DB = {
			isa = PBXGroup;
			children = (
				04AE693E256274AE00CDD5DB /* Grocery */,
				04AE693D256274AE00CDD5DB /* Products */,
				956092F16E66BAE987186D60 /* Pods */,
				C8AEF472A35B1DD9C491CF92 /* Frameworks */,
			);
			sourceTree = "<group>";
		};
		04AE693D256274AE00CDD5DB /* Products */ = {
			isa = PBXGroup;
			children = (
				04AE693C256274AE00CDD5DB /* Grocery.app */,
			);
			name = Products;
			sourceTree = "<group>";
		};
		04AE693E256274AE00CDD5DB /* Grocery */ = {
			isa = PBXGroup;
			children = (
				04AE693F256274AE00CDD5DB /* AppDelegate.swift */,
				04AE6941256274AE00CDD5DB /* SceneDelegate.swift */,
				04AE6948256274B000CDD5DB /* Assets.xcassets */,
				04AE69842562A0D100CDD5DB /* Extensions */,
				041FD35A2562BACC00CA1117 /* Managers */,
				04AE697A25629C3000CDD5DB /* Views */,
				04AE697625629B2700CDD5DB /* Models */,
				04AE6960256279F500CDD5DB /* Controllers */,
				04AE6961256279FC00CDD5DB /* Storyboards */,
				04AE695F256279EB00CDD5DB /* Resources */,
				04AE694D256274B000CDD5DB /* Info.plist */,
				0491E8A92567C55A00CD054C /* agconnect-services.plist */,
			);
			path = Grocery;
			sourceTree = "<group>";
		};
		04AE695F256279EB00CDD5DB /* Resources */ = {
			isa = PBXGroup;
			children = (
				04AE696225627B8A00CDD5DB /* Constants.swift */,
			);
			path = Resources;
			sourceTree = "<group>";
		};
		04AE6960256279F500CDD5DB /* Controllers */ = {
			isa = PBXGroup;
			children = (
				04AE696525627C3600CDD5DB /* BaseViewController.swift */,
				04AE696E25627D5C00CDD5DB /* HomeViewController.swift */,
				04AE697125627D6300CDD5DB /* CartViewController.swift */,
				04CA8D4C2565466500F352C1 /* ProductDetailViewController.swift */,
				04CCF1E22566944700A709B8 /* PaymentResultViewController.swift */,
			);
			path = Controllers;
			sourceTree = "<group>";
		};
		04AE6961256279FC00CDD5DB /* Storyboards */ = {
			isa = PBXGroup;
			children = (
				04AE6945256274AE00CDD5DB /* Main.storyboard */,
				04AE694A256274B000CDD5DB /* LaunchScreen.storyboard */,
			);
			path = Storyboards;
			sourceTree = "<group>";
		};
		04AE697625629B2700CDD5DB /* Models */ = {
			isa = PBXGroup;
			children = (
				04AE697725629B3A00CDD5DB /* GroceryItem.swift */,
			);
			path = Models;
			sourceTree = "<group>";
		};
		04AE697A25629C3000CDD5DB /* Views */ = {
			isa = PBXGroup;
			children = (
				04AE698125629C8600CDD5DB /* HomeCollectionViewCell.swift */,
				049AC1EA2563F5CE00C3EBB6 /* CartCollectionViewCell.swift */,
			);
			path = Views;
			sourceTree = "<group>";
		};
		04AE69842562A0D100CDD5DB /* Extensions */ = {
			isa = PBXGroup;
			children = (
				04AE69852562A0E500CDD5DB /* UIViewExtension.swift */,
			);
			path = Extensions;
			sourceTree = "<group>";
		};
		956092F16E66BAE987186D60 /* Pods */ = {
			isa = PBXGroup;
			children = (
				E9F04184F4690A27AC6B714D /* Pods-Grocery.debug.xcconfig */,
				7BCFB118398FD2E47AA83316 /* Pods-Grocery.release.xcconfig */,
			);
			path = Pods;
			sourceTree = "<group>";
		};
		C8AEF472A35B1DD9C491CF92 /* Frameworks */ = {
			isa = PBXGroup;
			children = (
				A7AF7C95CD864900BD69276B /* Pods_Grocery.framework */,
			);
			name = Frameworks;
			sourceTree = "<group>";
		};
/* End PBXGroup section */

/* Begin PBXNativeTarget section */
		04AE693B256274AE00CDD5DB /* Grocery */ = {
			isa = PBXNativeTarget;
			buildConfigurationList = 04AE6950256274B000CDD5DB /* Build configuration list for PBXNativeTarget "Grocery" */;
			buildPhases = (
				38613E60323239E4F796F22B /* [CP] Check Pods Manifest.lock */,
				04AE6938256274AE00CDD5DB /* Sources */,
				04AE6939256274AE00CDD5DB /* Frameworks */,
				04AE693A256274AE00CDD5DB /* Resources */,
				BCAEE16A841ECAB5D9A0E93F /* [CP] Embed Pods Frameworks */,
				998F40A7B63CB878C88D0263 /* [CP] Copy Pods Resources */,
			);
			buildRules = (
			);
			dependencies = (
			);
			name = Grocery;
			productName = Grocery;
			productReference = 04AE693C256274AE00CDD5DB /* Grocery.app */;
			productType = "com.apple.product-type.application";
		};
/* End PBXNativeTarget section */

/* Begin PBXProject section */
		04AE6934256274AE00CDD5DB /* Project object */ = {
			isa = PBXProject;
			attributes = {
				LastSwiftUpdateCheck = 1210;
				LastUpgradeCheck = 1210;
				TargetAttributes = {
					04AE693B256274AE00CDD5DB = {
						CreatedOnToolsVersion = 12.1;
					};
				};
			};
			buildConfigurationList = 04AE6937256274AE00CDD5DB /* Build configuration list for PBXProject "Grocery" */;
			compatibilityVersion = "Xcode 9.3";
			developmentRegion = en;
			hasScannedForEncodings = 0;
			knownRegions = (
				en,
				Base,
			);
			mainGroup = 04AE6933256274AE00CDD5DB;
			productRefGroup = 04AE693D256274AE00CDD5DB /* Products */;
			projectDirPath = "";
			projectRoot = "";
			targets = (
				04AE693B256274AE00CDD5DB /* Grocery */,
			);
		};
/* End PBXProject section */

/* Begin PBXResourcesBuildPhase section */
		04AE693A256274AE00CDD5DB /* Resources */ = {
			isa = PBXResourcesBuildPhase;
			buildActionMask = 2147483647;
			files = (
				04AE694C256274B000CDD5DB /* LaunchScreen.storyboard in Resources */,
				0491E8AA2567C55A00CD054C /* agconnect-services.plist in Resources */,
				04AE6949256274B000CDD5DB /* Assets.xcassets in Resources */,
				04AE6947256274AE00CDD5DB /* Main.storyboard in Resources */,
			);
			runOnlyForDeploymentPostprocessing = 0;
		};
/* End PBXResourcesBuildPhase section */

/* Begin PBXShellScriptBuildPhase section */
		38613E60323239E4F796F22B /* [CP] Check Pods Manifest.lock */ = {
			isa = PBXShellScriptBuildPhase;
			buildActionMask = 2147483647;
			files = (
			);
			inputFileListPaths = (
			);
			inputPaths = (
				"${PODS_PODFILE_DIR_PATH}/Podfile.lock",
				"${PODS_ROOT}/Manifest.lock",
			);
			name = "[CP] Check Pods Manifest.lock";
			outputFileListPaths = (
			);
			outputPaths = (
				"$(DERIVED_FILE_DIR)/Pods-Grocery-checkManifestLockResult.txt",
			);
			runOnlyForDeploymentPostprocessing = 0;
			shellPath = /bin/sh;
			shellScript = "diff \"${PODS_PODFILE_DIR_PATH}/Podfile.lock\" \"${PODS_ROOT}/Manifest.lock\" > /dev/null\nif [ $? != 0 ] ; then\n    # print error to STDERR\n    echo \"error: The sandbox is not in sync with the Podfile.lock. Run 'pod install' or update your CocoaPods installation.\" >&2\n    exit 1\nfi\n# This output is used by Xcode 'outputs' to avoid re-running this script phase.\necho \"SUCCESS\" > \"${SCRIPT_OUTPUT_FILE_0}\"\n";
			showEnvVarsInLog = 0;
		};
		998F40A7B63CB878C88D0263 /* [CP] Copy Pods Resources */ = {
			isa = PBXShellScriptBuildPhase;
			buildActionMask = 2147483647;
			files = (
			);
			inputFileListPaths = (
				"${PODS_ROOT}/Target Support Files/Pods-Grocery/Pods-Grocery-resources-${CONFIGURATION}-input-files.xcfilelist",
			);
			name = "[CP] Copy Pods Resources";
			outputFileListPaths = (
				"${PODS_ROOT}/Target Support Files/Pods-Grocery/Pods-Grocery-resources-${CONFIGURATION}-output-files.xcfilelist",
			);
			runOnlyForDeploymentPostprocessing = 0;
			shellPath = /bin/sh;
			shellScript = "\"${PODS_ROOT}/Target Support Files/Pods-Grocery/Pods-Grocery-resources.sh\"\n";
			showEnvVarsInLog = 0;
		};
		BCAEE16A841ECAB5D9A0E93F /* [CP] Embed Pods Frameworks */ = {
			isa = PBXShellScriptBuildPhase;
			buildActionMask = 2147483647;
			files = (
			);
			inputFileListPaths = (
				"${PODS_ROOT}/Target Support Files/Pods-Grocery/Pods-Grocery-frameworks-${CONFIGURATION}-input-files.xcfilelist",
			);
			name = "[CP] Embed Pods Frameworks";
			outputFileListPaths = (
				"${PODS_ROOT}/Target Support Files/Pods-Grocery/Pods-Grocery-frameworks-${CONFIGURATION}-output-files.xcfilelist",
			);
			runOnlyForDeploymentPostprocessing = 0;
			shellPath = /bin/sh;
			shellScript = "\"${PODS_ROOT}/Target Support Files/Pods-Grocery/Pods-Grocery-frameworks.sh\"\n";
			showEnvVarsInLog = 0;
		};
/* End PBXShellScriptBuildPhase section */

/* Begin PBXSourcesBuildPhase section */
		04AE6938256274AE00CDD5DB /* Sources */ = {
			isa = PBXSourcesBuildPhase;
			buildActionMask = 2147483647;
			files = (
				04AE696625627C3600CDD5DB /* BaseViewController.swift in Sources */,
				041FD35C2562BADF00CA1117 /* DataManager.swift in Sources */,
				049AC1EB2563F5CE00C3EBB6 /* CartCollectionViewCell.swift in Sources */,
				04AE697225627D6300CDD5DB /* CartViewController.swift in Sources */,
				04CCF1E32566944700A709B8 /* PaymentResultViewController.swift in Sources */,
				04AE6940256274AE00CDD5DB /* AppDelegate.swift in Sources */,
				04CA8D4D2565466500F352C1 /* ProductDetailViewController.swift in Sources */,
				04AE6942256274AE00CDD5DB /* SceneDelegate.swift in Sources */,
				04AE696325627B8A00CDD5DB /* Constants.swift in Sources */,
				04AE696F25627D5C00CDD5DB /* HomeViewController.swift in Sources */,
				04AE69862562A0E500CDD5DB /* UIViewExtension.swift in Sources */,
				04AE697825629B3A00CDD5DB /* GroceryItem.swift in Sources */,
				04AE698225629C8600CDD5DB /* HomeCollectionViewCell.swift in Sources */,
			);
			runOnlyForDeploymentPostprocessing = 0;
		};
/* End PBXSourcesBuildPhase section */

/* Begin PBXVariantGroup section */
		04AE6945256274AE00CDD5DB /* Main.storyboard */ = {
			isa = PBXVariantGroup;
			children = (
				04AE6946256274AE00CDD5DB /* Base */,
			);
			name = Main.storyboard;
			sourceTree = "<group>";
		};
		04AE694A256274B000CDD5DB /* LaunchScreen.storyboard */ = {
			isa = PBXVariantGroup;
			children = (
				04AE694B256274B000CDD5DB /* Base */,
			);
			name = LaunchScreen.storyboard;
			sourceTree = "<group>";
		};
/* End PBXVariantGroup section */

/* Begin XCBuildConfiguration section */
		04AE694E256274B000CDD5DB /* Debug */ = {
			isa = XCBuildConfiguration;
			buildSettings = {
				ALWAYS_SEARCH_USER_PATHS = NO;
				CLANG_ANALYZER_NONNULL = YES;
				CLANG_ANALYZER_NUMBER_OBJECT_CONVERSION = YES_AGGRESSIVE;
				CLANG_CXX_LANGUAGE_STANDARD = "gnu++14";
				CLANG_CXX_LIBRARY = "libc++";
				CLANG_ENABLE_MODULES = YES;
				CLANG_ENABLE_OBJC_ARC = YES;
				CLANG_ENABLE_OBJC_WEAK = YES;
				CLANG_WARN_BLOCK_CAPTURE_AUTORELEASING = YES;
				CLANG_WARN_BOOL_CONVERSION = YES;
				CLANG_WARN_COMMA = YES;
				CLANG_WARN_CONSTANT_CONVERSION = YES;
				CLANG_WARN_DEPRECATED_OBJC_IMPLEMENTATIONS = YES;
				CLANG_WARN_DIRECT_OBJC_ISA_USAGE = YES_ERROR;
				CLANG_WARN_DOCUMENTATION_COMMENTS = YES;
				CLANG_WARN_EMPTY_BODY = YES;
				CLANG_WARN_ENUM_CONVERSION = YES;
				CLANG_WARN_INFINITE_RECURSION = YES;
				CLANG_WARN_INT_CONVERSION = YES;
				CLANG_WARN_NON_LITERAL_NULL_CONVERSION = YES;
				CLANG_WARN_OBJC_IMPLICIT_RETAIN_SELF = YES;
				CLANG_WARN_OBJC_LITERAL_CONVERSION = YES;
				CLANG_WARN_OBJC_ROOT_CLASS = YES_ERROR;
				CLANG_WARN_QUOTED_INCLUDE_IN_FRAMEWORK_HEADER = YES;
				CLANG_WARN_RANGE_LOOP_ANALYSIS = YES;
				CLANG_WARN_STRICT_PROTOTYPES = YES;
				CLANG_WARN_SUSPICIOUS_MOVE = YES;
				CLANG_WARN_UNGUARDED_AVAILABILITY = YES_AGGRESSIVE;
				CLANG_WARN_UNREACHABLE_CODE = YES;
				CLANG_WARN__DUPLICATE_METHOD_MATCH = YES;
				COPY_PHASE_STRIP = NO;
				DEBUG_INFORMATION_FORMAT = dwarf;
				ENABLE_STRICT_OBJC_MSGSEND = YES;
				ENABLE_TESTABILITY = YES;
				GCC_C_LANGUAGE_STANDARD = gnu11;
				GCC_DYNAMIC_NO_PIC = NO;
				GCC_NO_COMMON_BLOCKS = YES;
				GCC_OPTIMIZATION_LEVEL = 0;
				GCC_PREPROCESSOR_DEFINITIONS = (
					"DEBUG=1",
					"$(inherited)",
				);
				GCC_WARN_64_TO_32_BIT_CONVERSION = YES;
				GCC_WARN_ABOUT_RETURN_TYPE = YES_ERROR;
				GCC_WARN_UNDECLARED_SELECTOR = YES;
				GCC_WARN_UNINITIALIZED_AUTOS = YES_AGGRESSIVE;
				GCC_WARN_UNUSED_FUNCTION = YES;
				GCC_WARN_UNUSED_VARIABLE = YES;
				IPHONEOS_DEPLOYMENT_TARGET = 14.1;
				MTL_ENABLE_DEBUG_INFO = INCLUDE_SOURCE;
				MTL_FAST_MATH = YES;
				ONLY_ACTIVE_ARCH = YES;
				SDKROOT = iphoneos;
				SWIFT_ACTIVE_COMPILATION_CONDITIONS = DEBUG;
				SWIFT_OPTIMIZATION_LEVEL = "-Onone";
			};
			name = Debug;
		};
		04AE694F256274B000CDD5DB /* Release */ = {
			isa = XCBuildConfiguration;
			buildSettings = {
				ALWAYS_SEARCH_USER_PATHS = NO;
				CLANG_ANALYZER_NONNULL = YES;
				CLANG_ANALYZER_NUMBER_OBJECT_CONVERSION = YES_AGGRESSIVE;
				CLANG_CXX_LANGUAGE_STANDARD = "gnu++14";
				CLANG_CXX_LIBRARY = "libc++";
				CLANG_ENABLE_MODULES = YES;
				CLANG_ENABLE_OBJC_ARC = YES;
				CLANG_ENABLE_OBJC_WEAK = YES;
				CLANG_WARN_BLOCK_CAPTURE_AUTORELEASING = YES;
				CLANG_WARN_BOOL_CONVERSION = YES;
				CLANG_WARN_COMMA = YES;
				CLANG_WARN_CONSTANT_CONVERSION = YES;
				CLANG_WARN_DEPRECATED_OBJC_IMPLEMENTATIONS = YES;
				CLANG_WARN_DIRECT_OBJC_ISA_USAGE = YES_ERROR;
				CLANG_WARN_DOCUMENTATION_COMMENTS = YES;
				CLANG_WARN_EMPTY_BODY = YES;
				CLANG_WARN_ENUM_CONVERSION = YES;
				CLANG_WARN_INFINITE_RECURSION = YES;
				CLANG_WARN_INT_CONVERSION = YES;
				CLANG_WARN_NON_LITERAL_NULL_CONVERSION = YES;
				CLANG_WARN_OBJC_IMPLICIT_RETAIN_SELF = YES;
				CLANG_WARN_OBJC_LITERAL_CONVERSION = YES;
				CLANG_WARN_OBJC_ROOT_CLASS = YES_ERROR;
				CLANG_WARN_QUOTED_INCLUDE_IN_FRAMEWORK_HEADER = YES;
				CLANG_WARN_RANGE_LOOP_ANALYSIS = YES;
				CLANG_WARN_STRICT_PROTOTYPES = YES;
				CLANG_WARN_SUSPICIOUS_MOVE = YES;
				CLANG_WARN_UNGUARDED_AVAILABILITY = YES_AGGRESSIVE;
				CLANG_WARN_UNREACHABLE_CODE = YES;
				CLANG_WARN__DUPLICATE_METHOD_MATCH = YES;
				COPY_PHASE_STRIP = NO;
				DEBUG_INFORMATION_FORMAT = "dwarf-with-dsym";
				ENABLE_NS_ASSERTIONS = NO;
				ENABLE_STRICT_OBJC_MSGSEND = YES;
				GCC_C_LANGUAGE_STANDARD = gnu11;
				GCC_NO_COMMON_BLOCKS = YES;
				GCC_WARN_64_TO_32_BIT_CONVERSION = YES;
				GCC_WARN_ABOUT_RETURN_TYPE = YES_ERROR;
				GCC_WARN_UNDECLARED_SELECTOR = YES;
				GCC_WARN_UNINITIALIZED_AUTOS = YES_AGGRESSIVE;
				GCC_WARN_UNUSED_FUNCTION = YES;
				GCC_WARN_UNUSED_VARIABLE = YES;
				IPHONEOS_DEPLOYMENT_TARGET = 14.1;
				MTL_ENABLE_DEBUG_INFO = NO;
				MTL_FAST_MATH = YES;
				SDKROOT = iphoneos;
				SWIFT_COMPILATION_MODE = wholemodule;
				SWIFT_OPTIMIZATION_LEVEL = "-O";
				VALIDATE_PRODUCT = YES;
			};
			name = Release;
		};
		04AE6951256274B000CDD5DB /* Debug */ = {
			isa = XCBuildConfiguration;
			baseConfigurationReference = E9F04184F4690A27AC6B714D /* Pods-Grocery.debug.xcconfig */;
			buildSettings = {
				ASSETCATALOG_COMPILER_APPICON_NAME = AppIcon;
				ASSETCATALOG_COMPILER_GLOBAL_ACCENT_COLOR_NAME = AccentColor;
				CODE_SIGN_STYLE = Automatic;
				DEVELOPMENT_TEAM = 5D4JY3DVDT;
				ENABLE_BITCODE = NO;
				INFOPLIST_FILE = Grocery/Info.plist;
				LD_RUNPATH_SEARCH_PATHS = (
					"$(inherited)",
					"@executable_path/Frameworks",
				);
				PRODUCT_BUNDLE_IDENTIFIER = com.ea.Grocery;
				PRODUCT_NAME = "$(TARGET_NAME)";
				SWIFT_VERSION = 5.0;
				TARGETED_DEVICE_FAMILY = "1,2";
			};
			name = Debug;
		};
		04AE6952256274B000CDD5DB /* Release */ = {
			isa = XCBuildConfiguration;
			baseConfigurationReference = 7BCFB118398FD2E47AA83316 /* Pods-Grocery.release.xcconfig */;
			buildSettings = {
				ASSETCATALOG_COMPILER_APPICON_NAME = AppIcon;
				ASSETCATALOG_COMPILER_GLOBAL_ACCENT_COLOR_NAME = AccentColor;
				CODE_SIGN_STYLE = Automatic;
				DEVELOPMENT_TEAM = 5D4JY3DVDT;
				ENABLE_BITCODE = NO;
				INFOPLIST_FILE = Grocery/Info.plist;
				LD_RUNPATH_SEARCH_PATHS = (
					"$(inherited)",
					"@executable_path/Frameworks",
				);
				PRODUCT_BUNDLE_IDENTIFIER = com.ea.Grocery;
				PRODUCT_NAME = "$(TARGET_NAME)";
				SWIFT_VERSION = 5.0;
				TARGETED_DEVICE_FAMILY = "1,2";
			};
			name = Release;
		};
/* End XCBuildConfiguration section */

/* Begin XCConfigurationList section */
		04AE6937256274AE00CDD5DB /* Build configuration list for PBXProject "Grocery" */ = {
			isa = XCConfigurationList;
			buildConfigurations = (
				04AE694E256274B000CDD5DB /* Debug */,
				04AE694F256274B000CDD5DB /* Release */,
			);
			defaultConfigurationIsVisible = 0;
			defaultConfigurationName = Release;
		};
		04AE6950256274B000CDD5DB /* Build configuration list for PBXNativeTarget "Grocery" */ = {
			isa = XCConfigurationList;
			buildConfigurations = (
				04AE6951256274B000CDD5DB /* Debug */,
				04AE6952256274B000CDD5DB /* Release */,
			);
			defaultConfigurationIsVisible = 0;
			defaultConfigurationName = Release;
		};
/* End XCConfigurationList section */
	};
	rootObject = 04AE6934256274AE00CDD5DB /* Project object */;
}
