PODS:
  - AGConnectCore (1.2.1.300):
    - HMFoundation (~> 1.2.1)
  - AGConnectCrash (1.2.1.300):
    - AGConnectCredential (~> 1.2.1)
  - AGConnectCredential (1.2.1.300):
    - AGConnectCore (~> 1.2.1)
  - HiAnalytics (5.0.5.300):
    - AGConnectCredential (>= 1.1.0)
  - HMFoundation (1.2.1.300)
  - ScanKitFrameWork (1.0.2.300)

DEPENDENCIES:
  - AGConnectCore
  - AGConnectCrash
  - HiAnalytics
  - ScanKitFrameWork

SPEC REPOS:
  trunk:
    - AGConnectCore
    - AGConnectCrash
    - AGConnectCredential
    - HiAnalytics
    - HMFoundation
    - ScanKitFrameWork

SPEC CHECKSUMS:
  AGConnectCore: 63b20d3342f0e9b18554431b763b8b842653af0b
  AGConnectCrash: fdcb6f8074005475d8a20242905dbe6012b9368a
  AGConnectCredential: cbb343271af1ab8b1e937f6f3c7ebc798e04eb92
  HiAnalytics: 6a5189b870e39e052a4c62f1ca6ae80cb4e4229a
  HMFoundation: b8e0a4f582c50735df36e4f9deb87e9a438caea2
  ScanKitFrameWork: 0ad578f3db0ef9b64dd0f533d10d10a52ce93c80

PODFILE CHECKSUM: 2801ef3dddbef688d1b2e85de08479571d32a43b

COCOAPODS: 1.10.0
